// !$*UTF8*$!
{
	archiveVersion = 1;
	classes = {
	};
	objectVersion = 50;
	objects = {

/* Begin PBXBuildFile section */
		751A7BE721BAC2C500272C15 /* AppDelegate.m in Sources */ = {isa = PBXBuildFile; fileRef = 751A7BE621BAC2C500272C15 /* AppDelegate.m */; };
		751A7BEA21BAC2C500272C15 /* ViewController.m in Sources */ = {isa = PBXBuildFile; fileRef = 751A7BE921BAC2C500272C15 /* ViewController.m */; };
		751A7BED21BAC2C500272C15 /* Main.storyboard in Resources */ = {isa = PBXBuildFile; fileRef = 751A7BEB21BAC2C500272C15 /* Main.storyboard */; };
		751A7BEF21BAC2C800272C15 /* Assets.xcassets in Resources */ = {isa = PBXBuildFile; fileRef = 751A7BEE21BAC2C800272C15 /* Assets.xcassets */; };
		751A7BF521BAC2C900272C15 /* main.m in Sources */ = {isa = PBXBuildFile; fileRef = 751A7BF421BAC2C900272C15 /* main.m */; };
/* End PBXBuildFile section */

/* Begin PBXFileReference section */
		751A7BE221BAC2C500272C15 /* Base64编码解码.app */ = {isa = PBXFileReference; explicitFileType = wrapper.application; includeInIndex = 0; path = "Base64编码解码.app"; sourceTree = BUILT_PRODUCTS_DIR; };
		751A7BE521BAC2C500272C15 /* AppDelegate.h */ = {isa = PBXFileReference; lastKnownFileType = sourcecode.c.h; path = AppDelegate.h; sourceTree = "<group>"; };
		751A7BE621BAC2C500272C15 /* AppDelegate.m */ = {isa = PBXFileReference; lastKnownFileType = sourcecode.c.objc; path = AppDelegate.m; sourceTree = "<group>"; };
		751A7BE821BAC2C500272C15 /* ViewController.h */ = {isa = PBXFileReference; lastKnownFileType = sourcecode.c.h; path = ViewController.h; sourceTree = "<group>"; };
		751A7BE921BAC2C500272C15 /* ViewController.m */ = {isa = PBXFileReference; lastKnownFileType = sourcecode.c.objc; path = ViewController.m; sourceTree = "<group>"; };
		751A7BEC21BAC2C500272C15 /* Base */ = {isa = PBXFileReference; lastKnownFileType = file.storyboard; name = Base; path = Base.lproj/Main.storyboard; sourceTree = "<group>"; };
		751A7BEE21BAC2C800272C15 /* Assets.xcassets */ = {isa = PBXFileReference; lastKnownFileType = folder.assetcatalog; path = Assets.xcassets; sourceTree = "<group>"; };
		751A7BF321BAC2C800272C15 /* Info.plist */ = {isa = PBXFileReference; lastKnownFileType = text.plist.xml; path = Info.plist; sourceTree = "<group>"; };
		751A7BF421BAC2C900272C15 /* main.m */ = {isa = PBXFileReference; lastKnownFileType = sourcecode.c.objc; path = main.m; sourceTree = "<group>"; };
/* End PBXFileReference section */

/* Begin PBXFrameworksBuildPhase section */
		751A7BDF21BAC2C500272C15 /* Frameworks */ = {
			isa = PBXFrameworksBuildPhase;
			buildActionMask = 2147483647;
			files = (
			);
			runOnlyForDeploymentPostprocessing = 0;
		};
/* End PBXFrameworksBuildPhase section */

/* Begin PBXGroup section */
		751A7BD921BAC2C500272C15 = {
			isa = PBXGroup;
			children = (
				751A7BE421BAC2C500272C15 /* Base64编码解码 */,
				751A7BE321BAC2C500272C15 /* Products */,
			);
			sourceTree = "<group>";
		};
		751A7BE321BAC2C500272C15 /* Products */ = {
			isa = PBXGroup;
			children = (
				751A7BE221BAC2C500272C15 /* Base64编码解码.app */,
			);
			name = Products;
			sourceTree = "<group>";
		};
		751A7BE421BAC2C500272C15 /* Base64编码解码 */ = {
			isa = PBXGroup;
			children = (
				751A7BE521BAC2C500272C15 /* AppDelegate.h */,
				751A7BE621BAC2C500272C15 /* AppDelegate.m */,
				751A7BE821BAC2C500272C15 /* ViewController.h */,
				751A7BE921BAC2C500272C15 /* ViewController.m */,
				751A7BEB21BAC2C500272C15 /* Main.storyboard */,
				751A7BEE21BAC2C800272C15 /* Assets.xcassets */,
				751A7BF321BAC2C800272C15 /* Info.plist */,
				751A7BF421BAC2C900272C15 /* main.m */,
			);
			path = "Base64编码解码";
			sourceTree = "<group>";
		};
/* End PBXGroup section */

/* Begin PBXNativeTarget section */
		751A7BE121BAC2C500272C15 /* Base64编码解码 */ = {
			isa = PBXNativeTarget;
			buildConfigurationList = 751A7BF821BAC2C900272C15 /* Build configuration list for PBXNativeTarget "Base64编码解码" */;
			buildPhases = (
				751A7BDE21BAC2C500272C15 /* Sources */,
				751A7BDF21BAC2C500272C15 /* Frameworks */,
				751A7BE021BAC2C500272C15 /* Resources */,
			);
			buildRules = (
			);
			dependencies = (
			);
			name = "Base64编码解码";
			productName = "Base64编码解码";
			productReference = 751A7BE221BAC2C500272C15 /* Base64编码解码.app */;
			productType = "com.apple.product-type.application";
		};
/* End PBXNativeTarget section */

/* Begin PBXProject section */
		751A7BDA21BAC2C500272C15 /* Project object */ = {
			isa = PBXProject;
			attributes = {
				LastUpgradeCheck = 1010;
				ORGANIZATIONNAME = "赵鹏";
				TargetAttributes = {
					751A7BE121BAC2C500272C15 = {
						CreatedOnToolsVersion = 10.1;
					};
				};
			};
			buildConfigurationList = 751A7BDD21BAC2C500272C15 /* Build configuration list for PBXProject "Base64编码解码" */;
			compatibilityVersion = "Xcode 9.3";
			developmentRegion = en;
			hasScannedForEncodings = 0;
			knownRegions = (
				en,
				Base,
			);
			mainGroup = 751A7BD921BAC2C500272C15;
			productRefGroup = 751A7BE321BAC2C500272C15 /* Products */;
			projectDirPath = "";
			projectRoot = "";
			targets = (
				751A7BE121BAC2C500272C15 /* Base64编码解码 */,
			);
		};
/* End PBXProject section */

/* Begin PBXResourcesBuildPhase section */
		751A7BE021BAC2C500272C15 /* Resources */ = {
			isa = PBXResourcesBuildPhase;
			buildActionMask = 2147483647;
			files = (
				751A7BEF21BAC2C800272C15 /* Assets.xcassets in Resources */,
				751A7BED21BAC2C500272C15 /* Main.storyboard in Resources */,
			);
			runOnlyForDeploymentPostprocessing = 0;
		};
/* End PBXResourcesBuildPhase section */

/* Begin PBXSourcesBuildPhase section */
		751A7BDE21BAC2C500272C15 /* Sources */ = {
			isa = PBXSourcesBuildPhase;
			buildActionMask = 2147483647;
			files = (
				751A7BEA21BAC2C500272C15 /* ViewController.m in Sources */,
				751A7BF521BAC2C900272C15 /* main.m in Sources */,
				751A7BE721BAC2C500272C15 /* AppDelegate.m in Sources */,
			);
			runOnlyForDeploymentPostprocessing = 0;
		};
/* End PBXSourcesBuildPhase section */

/* Begin PBXVariantGroup section */
		751A7BEB21BAC2C500272C15 /* Main.storyboard */ = {
			isa = PBXVariantGroup;
			children = (
				751A7BEC21BAC2C500272C15 /* Base */,
			);
			name = Main.storyboard;
			sourceTree = "<group>";
		};
/* End PBXVariantGroup section */

/* Begin XCBuildConfiguration section */
		751A7BF621BAC2C900272C15 /* Debug */ = {
			isa = XCBuildConfiguration;
			buildSettings = {
				ALWAYS_SEARCH_USER_PATHS = NO;
				CLANG_ANALYZER_NONNULL = YES;
				CLANG_ANALYZER_NUMBER_OBJECT_CONVERSION = YES_AGGRESSIVE;
				CLANG_CXX_LANGUAGE_STANDARD = "gnu++14";
				CLANG_CXX_LIBRARY = "libc++";
				CLANG_ENABLE_MODULES = YES;
				CLANG_ENABLE_OBJC_ARC = YES;
				CLANG_ENABLE_OBJC_WEAK = YES;
				CLANG_WARN_BLOCK_CAPTURE_AUTORELEASING = YES;
				CLANG_WARN_BOOL_CONVERSION = YES;
				CLANG_WARN_COMMA = YES;
				CLANG_WARN_CONSTANT_CONVERSION = YES;
				CLANG_WARN_DEPRECATED_OBJC_IMPLEMENTATIONS = YES;
				CLANG_WARN_DIRECT_OBJC_ISA_USAGE = YES_ERROR;
				CLANG_WARN_DOCUMENTATION_COMMENTS = YES;
				CLANG_WARN_EMPTY_BODY = YES;
				CLANG_WARN_ENUM_CONVERSION = YES;
				CLANG_WARN_INFINITE_RECURSION = YES;
				CLANG_WARN_INT_CONVERSION = YES;
				CLANG_WARN_NON_LITERAL_NULL_CONVERSION = YES;
				CLANG_WARN_OBJC_IMPLICIT_RETAIN_SELF = YES;
				CLANG_WARN_OBJC_LITERAL_CONVERSION = YES;
				CLANG_WARN_OBJC_ROOT_CLASS = YES_ERROR;
				CLANG_WARN_RANGE_LOOP_ANALYSIS = YES;
				CLANG_WARN_STRICT_PROTOTYPES = YES;
				CLANG_WARN_SUSPICIOUS_MOVE = YES;
				CLANG_WARN_UNGUARDED_AVAILABILITY = YES_AGGRESSIVE;
				CLANG_WARN_UNREACHABLE_CODE = YES;
				CLANG_WARN__DUPLICATE_METHOD_MATCH = YES;
				CODE_SIGN_IDENTITY = "iPhone Developer";
				COPY_PHASE_STRIP = NO;
				DEBUG_INFORMATION_FORMAT = dwarf;
				ENABLE_STRICT_OBJC_MSGSEND = YES;
				ENABLE_TESTABILITY = YES;
				GCC_C_LANGUAGE_STANDARD = gnu11;
				GCC_DYNAMIC_NO_PIC = NO;
				GCC_NO_COMMON_BLOCKS = YES;
				GCC_OPTIMIZATION_LEVEL = 0;
				GCC_PREPROCESSOR_DEFINITIONS = (
					"DEBUG=1",
					"$(inherited)",
				);
				GCC_WARN_64_TO_32_BIT_CONVERSION = YES;
				GCC_WARN_ABOUT_RETURN_TYPE = YES_ERROR;
				GCC_WARN_UNDECLARED_SELECTOR = YES;
				GCC_WARN_UNINITIALIZED_AUTOS = YES_AGGRESSIVE;
				GCC_WARN_UNUSED_FUNCTION = YES;
				GCC_WARN_UNUSED_VARIABLE = YES;
				IPHONEOS_DEPLOYMENT_TARGET = 12.1;
				MTL_ENABLE_DEBUG_INFO = INCLUDE_SOURCE;
				MTL_FAST_MATH = YES;
				ONLY_ACTIVE_ARCH = YES;
				SDKROOT = iphoneos;
			};
			name = Debug;
		};
		751A7BF721BAC2C900272C15 /* Release */ = {
			isa = XCBuildConfiguration;
			buildSettings = {
				ALWAYS_SEARCH_USER_PATHS = NO;
				CLANG_ANALYZER_NONNULL = YES;
				CLANG_ANALYZER_NUMBER_OBJECT_CONVERSION = YES_AGGRESSIVE;
				CLANG_CXX_LANGUAGE_STANDARD = "gnu++14";
				CLANG_CXX_LIBRARY = "libc++";
				CLANG_ENABLE_MODULES = YES;
				CLANG_ENABLE_OBJC_ARC = YES;
				CLANG_ENABLE_OBJC_WEAK = YES;
				CLANG_WARN_BLOCK_CAPTURE_AUTORELEASING = YES;
				CLANG_WARN_BOOL_CONVERSION = YES;
				CLANG_WARN_COMMA = YES;
				CLANG_WARN_CONSTANT_CONVERSION = YES;
				CLANG_WARN_DEPRECATED_OBJC_IMPLEMENTATIONS = YES;
				CLANG_WARN_DIRECT_OBJC_ISA_USAGE = YES_ERROR;
				CLANG_WARN_DOCUMENTATION_COMMENTS = YES;
				CLANG_WARN_EMPTY_BODY = YES;
				CLANG_WARN_ENUM_CONVERSION = YES;
				CLANG_WARN_INFINITE_RECURSION = YES;
				CLANG_WARN_INT_CONVERSION = YES;
				CLANG_WARN_NON_LITERAL_NULL_CONVERSION = YES;
				CLANG_WARN_OBJC_IMPLICIT_RETAIN_SELF = YES;
				CLANG_WARN_OBJC_LITERAL_CONVERSION = YES;
				CLANG_WARN_OBJC_ROOT_CLASS = YES_ERROR;
				CLANG_WARN_RANGE_LOOP_ANALYSIS = YES;
				CLANG_WARN_STRICT_PROTOTYPES = YES;
				CLANG_WARN_SUSPICIOUS_MOVE = YES;
				CLANG_WARN_UNGUARDED_AVAILABILITY = YES_AGGRESSIVE;
				CLANG_WARN_UNREACHABLE_CODE = YES;
				CLANG_WARN__DUPLICATE_METHOD_MATCH = YES;
				CODE_SIGN_IDENTITY = "iPhone Developer";
				COPY_PHASE_STRIP = NO;
				DEBUG_INFORMATION_FORMAT = "dwarf-with-dsym";
				ENABLE_NS_ASSERTIONS = NO;
				ENABLE_STRICT_OBJC_MSGSEND = YES;
				GCC_C_LANGUAGE_STANDARD = gnu11;
				GCC_NO_COMMON_BLOCKS = YES;
				GCC_WARN_64_TO_32_BIT_CONVERSION = YES;
				GCC_WARN_ABOUT_RETURN_TYPE = YES_ERROR;
				GCC_WARN_UNDECLARED_SELECTOR = YES;
				GCC_WARN_UNINITIALIZED_AUTOS = YES_AGGRESSIVE;
				GCC_WARN_UNUSED_FUNCTION = YES;
				GCC_WARN_UNUSED_VARIABLE = YES;
				IPHONEOS_DEPLOYMENT_TARGET = 12.1;
				MTL_ENABLE_DEBUG_INFO = NO;
				MTL_FAST_MATH = YES;
				SDKROOT = iphoneos;
				VALIDATE_PRODUCT = YES;
			};
			name = Release;
		};
		751A7BF921BAC2C900272C15 /* Debug */ = {
			isa = XCBuildConfiguration;
			buildSettings = {
				ASSETCATALOG_COMPILER_APPICON_NAME = AppIcon;
				CODE_SIGN_STYLE = Automatic;
				INFOPLIST_FILE = "Base64编码解码/Info.plist";
				LD_RUNPATH_SEARCH_PATHS = (
					"$(inherited)",
					"@executable_path/Frameworks",
				);
				PRODUCT_BUNDLE_IDENTIFIER = "Home.Base64----";
				PRODUCT_NAME = "$(TARGET_NAME)";
				TARGETED_DEVICE_FAMILY = "1,2";
			};
			name = Debug;
		};
		751A7BFA21BAC2C900272C15 /* Release */ = {
			isa = XCBuildConfiguration;
			buildSettings = {
				ASSETCATALOG_COMPILER_APPICON_NAME = AppIcon;
				CODE_SIGN_STYLE = Automatic;
				INFOPLIST_FILE = "Base64编码解码/Info.plist";
				LD_RUNPATH_SEARCH_PATHS = (
					"$(inherited)",
					"@executable_path/Frameworks",
				);
				PRODUCT_BUNDLE_IDENTIFIER = "Home.Base64----";
				PRODUCT_NAME = "$(TARGET_NAME)";
				TARGETED_DEVICE_FAMILY = "1,2";
			};
			name = Release;
		};
/* End XCBuildConfiguration section */

/* Begin XCConfigurationList section */
		751A7BDD21BAC2C500272C15 /* Build configuration list for PBXProject "Base64编码解码" */ = {
			isa = XCConfigurationList;
			buildConfigurations = (
				751A7BF621BAC2C900272C15 /* Debug */,
				751A7BF721BAC2C900272C15 /* Release */,
			);
			defaultConfigurationIsVisible = 0;
			defaultConfigurationName = Release;
		};
		751A7BF821BAC2C900272C15 /* Build configuration list for PBXNativeTarget "Base64编码解码" */ = {
			isa = XCConfigurationList;
			buildConfigurations = (
				751A7BF921BAC2C900272C15 /* Debug */,
				751A7BFA21BAC2C900272C15 /* Release */,
			);
			defaultConfigurationIsVisible = 0;
			defaultConfigurationName = Release;
		};
/* End XCConfigurationList section */
	};
	rootObject = 751A7BDA21BAC2C500272C15 /* Project object */;
}
